
Microsoft Visual Studio Solution File, Format Version 12.00
# Visual Studio Version 17
VisualStudioVersion = 17.0.32014.148
MinimumVisualStudioVersion = 10.0.40219.1
Project("{FAE04EC0-301F-11D3-BF4B-00C04F79EFBC}") = "UPLOADFILE FOLDER PORTAL", "UPLOADFILE FOLDER PORTAL\UPLOADFILE FOLDER PORTAL.csproj", "{8A634BBC-1232-4D09-A61C-8D9EB841057F}"
EndProject
Global
	GlobalSection(SolutionConfigurationPlatforms) = preSolution
		Debug|Any CPU = Debug|Any CPU
		Release|Any CPU = Release|Any CPU
	EndGlobalSection
	GlobalSection(ProjectConfigurationPlatforms) = postSolution
		{8A634BBC-1232-4D09-A61C-8D9EB841057F}.Debug|Any CPU.ActiveCfg = Debug|Any CPU
		{8A634BBC-1232-4D09-A61C-8D9EB841057F}.Debug|Any CPU.Build.0 = Debug|Any CPU
		{8A634BBC-1232-4D09-A61C-8D9EB841057F}.Release|Any CPU.ActiveCfg = Release|Any CPU
		{8A634BBC-1232-4D09-A61C-8D9EB841057F}.Release|Any CPU.Build.0 = Release|Any CPU
	EndGlobalSection
	GlobalSection(SolutionProperties) = preSolution
		HideSolutionNode = FALSE
	EndGlobalSection
	GlobalSection(ExtensibilityGlobals) = postSolution
		SolutionGuid = {BF267ACB-8713-4E1C-8071-0BF07C27BFB7}
	EndGlobalSection
EndGlobal
